{
  "name": "cartify-api",
  "lockfileVersion": 3,
  "requires": true,
  "packages": {
    "": {
      "name": "cartify-api",
      "dependencies": {
        "hono": "^4.9.5"
      },
      "devDependencies": {
        "@types/bun": "latest",
        "prettier": "3.6.2"
      }
    },
    "node_modules/@types/bun": {
      "version": "1.2.21",
      "resolved": "https://registry.npmjs.org/@types/bun/-/bun-1.2.21.tgz",
      "integrity": "sha512-NiDnvEqmbfQ6dmZ3EeUO577s4P5bf4HCTXtI6trMc6f6RzirY5IrF3aIookuSpyslFzrnvv2lmEWv5HyC1X79A==",
      "dev": true,
      "license": "MIT",
      "dependencies": {
        "bun-types": "1.2.21"
      }
    },
    "node_modules/@types/node": {
      "version": "24.3.0",
      "dev": true,
      "license": "MIT",
      "dependencies": {
        "undici-types": "~7.10.0"
      }
    },
    "node_modules/@types/react": {
      "version": "19.1.12",
      "dev": true,
      "license": "MIT",
      "peer": true,
      "dependencies": {
        "csstype": "^3.0.2"
      }
    },
    "node_modules/bun-types": {
      "version": "1.2.21",
      "dev": true,
      "license": "MIT",
      "dependencies": {
        "@types/node": "*"
      },
      "peerDependencies": {
        "@types/react": "^19"
      }
    },
    "node_modules/csstype": {
      "version": "3.1.3",
      "dev": true,
      "license": "MIT",
      "peer": true
    },
    "node_modules/hono": {
      "version": "4.9.5",
      "license": "MIT",
      "engines": {
        "node": ">=16.9.0"
      }
    },
    "node_modules/prettier": {
      "version": "3.6.2",
      "resolved": "https://registry.npmjs.org/prettier/-/prettier-3.6.2.tgz",
      "integrity": "sha512-I7AIg5boAr5R0FFtJ6rCfD+LFsWHp81dolrFD8S79U9tb8Az2nGrJncnMSnys+bpQJfRUzqs9hnA81OAA3hCuQ==",
      "dev": true,
      "license": "MIT",
      "bin": {
        "prettier": "bin/prettier.cjs"
      },
      "engines": {
        "node": ">=14"
      },
      "funding": {
        "url": "https://github.com/prettier/prettier?sponsor=1"
      }
    },
    "node_modules/undici-types": {
      "version": "7.10.0",
      "dev": true,
      "license": "MIT"
    }
  }
}
